
Microsoft Visual Studio Solution File, Format Version 12.00
# Visual Studio Version 16
VisualStudioVersion = 16.0.31410.357
MinimumVisualStudioVersion = 10.0.40219.1
Project("{9A19103F-16F7-4668-BE54-9A1E7A4F7556}") = "RadzenNumeric", "RadzenNumeric.csproj", "{80658B5A-0170-4E79-8412-A80438863BA4}"
EndProject
Global
	GlobalSection(SolutionConfigurationPlatforms) = preSolution
		Debug|Any CPU = Debug|Any CPU
		Release|Any CPU = Release|Any CPU
	EndGlobalSection
	GlobalSection(ProjectConfigurationPlatforms) = postSolution
		{80658B5A-0170-4E79-8412-A80438863BA4}.Debug|Any CPU.ActiveCfg = Debug|Any CPU
		{80658B5A-0170-4E79-8412-A80438863BA4}.Debug|Any CPU.Build.0 = Debug|Any CPU
		{80658B5A-0170-4E79-8412-A80438863BA4}.Release|Any CPU.ActiveCfg = Release|Any CPU
		{80658B5A-0170-4E79-8412-A80438863BA4}.Release|Any CPU.Build.0 = Release|Any CPU
	EndGlobalSection
	GlobalSection(SolutionProperties) = preSolution
		HideSolutionNode = FALSE
	EndGlobalSection
	GlobalSection(ExtensibilityGlobals) = postSolution
		SolutionGuid = {C0584E85-7AD9-4629-8E92-496EE79D97AA}
	EndGlobalSection
EndGlobal
